// !$*UTF8*$!
{
	archiveVersion = 1;
	classes = {
	};
	objectVersion = 56;
	objects = {

/* Begin PBXBuildFile section */
		4F1CF3F92B298472002F1499 /* AppDelegate.swift in Sources */ = {isa = PBXBuildFile; fileRef = 4F1CF3F82B298472002F1499 /* AppDelegate.swift */; };
		4F1CF3FB2B298472002F1499 /* SceneDelegate.swift in Sources */ = {isa = PBXBuildFile; fileRef = 4F1CF3FA2B298472002F1499 /* SceneDelegate.swift */; };
		4F1CF3FD2B298472002F1499 /* ViewController.swift in Sources */ = {isa = PBXBuildFile; fileRef = 4F1CF3FC2B298472002F1499 /* ViewController.swift */; };
		4F1CF4022B298473002F1499 /* Assets.xcassets in Resources */ = {isa = PBXBuildFile; fileRef = 4F1CF4012B298473002F1499 /* Assets.xcassets */; };
		4F1CF4052B298473002F1499 /* LaunchScreen.storyboard in Resources */ = {isa = PBXBuildFile; fileRef = 4F1CF4032B298473002F1499 /* LaunchScreen.storyboard */; };
		4F1CF4132B29878F002F1499 /* RemoveMeDataLayer.swift in Sources */ = {isa = PBXBuildFile; fileRef = 4F1CF4122B29878F002F1499 /* RemoveMeDataLayer.swift */; };
		4F1CF4152B298797002F1499 /* RemoveMeDomainLayer.swift in Sources */ = {isa = PBXBuildFile; fileRef = 4F1CF4142B298797002F1499 /* RemoveMeDomainLayer.swift */; };
/* End PBXBuildFile section */

/* Begin PBXFileReference section */
		4F1CF3F52B298472002F1499 /* CurrencyCalculatorApp.app */ = {isa = PBXFileReference; explicitFileType = wrapper.application; includeInIndex = 0; path = CurrencyCalculatorApp.app; sourceTree = BUILT_PRODUCTS_DIR; };
		4F1CF3F82B298472002F1499 /* AppDelegate.swift */ = {isa = PBXFileReference; lastKnownFileType = sourcecode.swift; path = AppDelegate.swift; sourceTree = "<group>"; };
		4F1CF3FA2B298472002F1499 /* SceneDelegate.swift */ = {isa = PBXFileReference; lastKnownFileType = sourcecode.swift; path = SceneDelegate.swift; sourceTree = "<group>"; };
		4F1CF3FC2B298472002F1499 /* ViewController.swift */ = {isa = PBXFileReference; lastKnownFileType = sourcecode.swift; path = ViewController.swift; sourceTree = "<group>"; };
		4F1CF4012B298473002F1499 /* Assets.xcassets */ = {isa = PBXFileReference; lastKnownFileType = folder.assetcatalog; path = Assets.xcassets; sourceTree = "<group>"; };
		4F1CF4042B298473002F1499 /* Base */ = {isa = PBXFileReference; lastKnownFileType = file.storyboard; name = Base; path = Base.lproj/LaunchScreen.storyboard; sourceTree = "<group>"; };
		4F1CF4062B298473002F1499 /* Info.plist */ = {isa = PBXFileReference; lastKnownFileType = text.plist.xml; path = Info.plist; sourceTree = "<group>"; };
		4F1CF4122B29878F002F1499 /* RemoveMeDataLayer.swift */ = {isa = PBXFileReference; lastKnownFileType = sourcecode.swift; path = RemoveMeDataLayer.swift; sourceTree = "<group>"; };
		4F1CF4142B298797002F1499 /* RemoveMeDomainLayer.swift */ = {isa = PBXFileReference; lastKnownFileType = sourcecode.swift; path = RemoveMeDomainLayer.swift; sourceTree = "<group>"; };
/* End PBXFileReference section */

/* Begin PBXFrameworksBuildPhase section */
		4F1CF3F22B298472002F1499 /* Frameworks */ = {
			isa = PBXFrameworksBuildPhase;
			buildActionMask = 2147483647;
			files = (
			);
			runOnlyForDeploymentPostprocessing = 0;
		};
/* End PBXFrameworksBuildPhase section */

/* Begin PBXGroup section */
		4F1CF3EC2B298472002F1499 = {
			isa = PBXGroup;
			children = (
				4F1CF3F72B298472002F1499 /* CurrencyCalculatorApp */,
				4F1CF3F62B298472002F1499 /* Products */,
			);
			sourceTree = "<group>";
		};
		4F1CF3F62B298472002F1499 /* Products */ = {
			isa = PBXGroup;
			children = (
				4F1CF3F52B298472002F1499 /* CurrencyCalculatorApp.app */,
			);
			name = Products;
			sourceTree = "<group>";
		};
		4F1CF3F72B298472002F1499 /* CurrencyCalculatorApp */ = {
			isa = PBXGroup;
			children = (
				4F1CF40D2B298752002F1499 /* Application */,
				4F1CF40C2B298706002F1499 /* Assets */,
			);
			path = CurrencyCalculatorApp;
			sourceTree = "<group>";
		};
		4F1CF40C2B298706002F1499 /* Assets */ = {
			isa = PBXGroup;
			children = (
				4F1CF4012B298473002F1499 /* Assets.xcassets */,
				4F1CF4032B298473002F1499 /* LaunchScreen.storyboard */,
				4F1CF4062B298473002F1499 /* Info.plist */,
			);
			path = Assets;
			sourceTree = "<group>";
		};
		4F1CF40D2B298752002F1499 /* Application */ = {
			isa = PBXGroup;
			children = (
				4F1CF3F82B298472002F1499 /* AppDelegate.swift */,
				4F1CF3FA2B298472002F1499 /* SceneDelegate.swift */,
				4F1CF4102B29876E002F1499 /* Domain */,
				4F1CF40F2B298766002F1499 /* Presentation */,
				4F1CF40E2B29875E002F1499 /* Data */,
			);
			path = Application;
			sourceTree = "<group>";
		};
		4F1CF40E2B29875E002F1499 /* Data */ = {
			isa = PBXGroup;
			children = (
				4F1CF4122B29878F002F1499 /* RemoveMeDataLayer.swift */,
			);
			path = Data;
			sourceTree = "<group>";
		};
		4F1CF40F2B298766002F1499 /* Presentation */ = {
			isa = PBXGroup;
			children = (
				4F1CF4112B298779002F1499 /* ViewController */,
			);
			path = Presentation;
			sourceTree = "<group>";
		};
		4F1CF4102B29876E002F1499 /* Domain */ = {
			isa = PBXGroup;
			children = (
				4F1CF4142B298797002F1499 /* RemoveMeDomainLayer.swift */,
			);
			path = Domain;
			sourceTree = "<group>";
		};
		4F1CF4112B298779002F1499 /* ViewController */ = {
			isa = PBXGroup;
			children = (
				4F1CF3FC2B298472002F1499 /* ViewController.swift */,
			);
			path = ViewController;
			sourceTree = "<group>";
		};
/* End PBXGroup section */

/* Begin PBXNativeTarget section */
		4F1CF3F42B298472002F1499 /* CurrencyCalculatorApp */ = {
			isa = PBXNativeTarget;
			buildConfigurationList = 4F1CF4092B298473002F1499 /* Build configuration list for PBXNativeTarget "CurrencyCalculatorApp" */;
			buildPhases = (
				4F1CF3F12B298472002F1499 /* Sources */,
				4F1CF3F22B298472002F1499 /* Frameworks */,
				4F1CF3F32B298472002F1499 /* Resources */,
			);
			buildRules = (
			);
			dependencies = (
			);
			name = CurrencyCalculatorApp;
			productName = CurrencyCalculatorApp;
			productReference = 4F1CF3F52B298472002F1499 /* CurrencyCalculatorApp.app */;
			productType = "com.apple.product-type.application";
		};
/* End PBXNativeTarget section */

/* Begin PBXProject section */
		4F1CF3ED2B298472002F1499 /* Project object */ = {
			isa = PBXProject;
			attributes = {
				BuildIndependentTargetsInParallel = 1;
				LastSwiftUpdateCheck = 1510;
				LastUpgradeCheck = 1510;
				TargetAttributes = {
					4F1CF3F42B298472002F1499 = {
						CreatedOnToolsVersion = 15.1;
					};
				};
			};
			buildConfigurationList = 4F1CF3F02B298472002F1499 /* Build configuration list for PBXProject "CurrencyCalculatorApp" */;
			compatibilityVersion = "Xcode 14.0";
			developmentRegion = en;
			hasScannedForEncodings = 0;
			knownRegions = (
				en,
				Base,
			);
			mainGroup = 4F1CF3EC2B298472002F1499;
			productRefGroup = 4F1CF3F62B298472002F1499 /* Products */;
			projectDirPath = "";
			projectRoot = "";
			targets = (
				4F1CF3F42B298472002F1499 /* CurrencyCalculatorApp */,
			);
		};
/* End PBXProject section */

/* Begin PBXResourcesBuildPhase section */
		4F1CF3F32B298472002F1499 /* Resources */ = {
			isa = PBXResourcesBuildPhase;
			buildActionMask = 2147483647;
			files = (
				4F1CF4052B298473002F1499 /* LaunchScreen.storyboard in Resources */,
				4F1CF4022B298473002F1499 /* Assets.xcassets in Resources */,
			);
			runOnlyForDeploymentPostprocessing = 0;
		};
/* End PBXResourcesBuildPhase section */

/* Begin PBXSourcesBuildPhase section */
		4F1CF3F12B298472002F1499 /* Sources */ = {
			isa = PBXSourcesBuildPhase;
			buildActionMask = 2147483647;
			files = (
				4F1CF3FD2B298472002F1499 /* ViewController.swift in Sources */,
				4F1CF4132B29878F002F1499 /* RemoveMeDataLayer.swift in Sources */,
				4F1CF4152B298797002F1499 /* RemoveMeDomainLayer.swift in Sources */,
				4F1CF3F92B298472002F1499 /* AppDelegate.swift in Sources */,
				4F1CF3FB2B298472002F1499 /* SceneDelegate.swift in Sources */,
			);
			runOnlyForDeploymentPostprocessing = 0;
		};
/* End PBXSourcesBuildPhase section */

/* Begin PBXVariantGroup section */
		4F1CF4032B298473002F1499 /* LaunchScreen.storyboard */ = {
			isa = PBXVariantGroup;
			children = (
				4F1CF4042B298473002F1499 /* Base */,
			);
			name = LaunchScreen.storyboard;
			sourceTree = "<group>";
		};
/* End PBXVariantGroup section */

/* Begin XCBuildConfiguration section */
		4F1CF4072B298473002F1499 /* Debug */ = {
			isa = XCBuildConfiguration;
			buildSettings = {
				ALWAYS_SEARCH_USER_PATHS = NO;
				ASSETCATALOG_COMPILER_GENERATE_SWIFT_ASSET_SYMBOL_EXTENSIONS = YES;
				CLANG_ANALYZER_NONNULL = YES;
				CLANG_ANALYZER_NUMBER_OBJECT_CONVERSION = YES_AGGRESSIVE;
				CLANG_CXX_LANGUAGE_STANDARD = "gnu++20";
				CLANG_ENABLE_MODULES = YES;
				CLANG_ENABLE_OBJC_ARC = YES;
				CLANG_ENABLE_OBJC_WEAK = YES;
				CLANG_WARN_BLOCK_CAPTURE_AUTORELEASING = YES;
				CLANG_WARN_BOOL_CONVERSION = YES;
				CLANG_WARN_COMMA = YES;
				CLANG_WARN_CONSTANT_CONVERSION = YES;
				CLANG_WARN_DEPRECATED_OBJC_IMPLEMENTATIONS = YES;
				CLANG_WARN_DIRECT_OBJC_ISA_USAGE = YES_ERROR;
				CLANG_WARN_DOCUMENTATION_COMMENTS = YES;
				CLANG_WARN_EMPTY_BODY = YES;
				CLANG_WARN_ENUM_CONVERSION = YES;
				CLANG_WARN_INFINITE_RECURSION = YES;
				CLANG_WARN_INT_CONVERSION = YES;
				CLANG_WARN_NON_LITERAL_NULL_CONVERSION = YES;
				CLANG_WARN_OBJC_IMPLICIT_RETAIN_SELF = YES;
				CLANG_WARN_OBJC_LITERAL_CONVERSION = YES;
				CLANG_WARN_OBJC_ROOT_CLASS = YES_ERROR;
				CLANG_WARN_QUOTED_INCLUDE_IN_FRAMEWORK_HEADER = YES;
				CLANG_WARN_RANGE_LOOP_ANALYSIS = YES;
				CLANG_WARN_STRICT_PROTOTYPES = YES;
				CLANG_WARN_SUSPICIOUS_MOVE = YES;
				CLANG_WARN_UNGUARDED_AVAILABILITY = YES_AGGRESSIVE;
				CLANG_WARN_UNREACHABLE_CODE = YES;
				CLANG_WARN__DUPLICATE_METHOD_MATCH = YES;
				COPY_PHASE_STRIP = NO;
				DEBUG_INFORMATION_FORMAT = dwarf;
				ENABLE_STRICT_OBJC_MSGSEND = YES;
				ENABLE_TESTABILITY = YES;
				ENABLE_USER_SCRIPT_SANDBOXING = YES;
				GCC_C_LANGUAGE_STANDARD = gnu17;
				GCC_DYNAMIC_NO_PIC = NO;
				GCC_NO_COMMON_BLOCKS = YES;
				GCC_OPTIMIZATION_LEVEL = 0;
				GCC_PREPROCESSOR_DEFINITIONS = (
					"DEBUG=1",
					"$(inherited)",
				);
				GCC_WARN_64_TO_32_BIT_CONVERSION = YES;
				GCC_WARN_ABOUT_RETURN_TYPE = YES_ERROR;
				GCC_WARN_UNDECLARED_SELECTOR = YES;
				GCC_WARN_UNINITIALIZED_AUTOS = YES_AGGRESSIVE;
				GCC_WARN_UNUSED_FUNCTION = YES;
				GCC_WARN_UNUSED_VARIABLE = YES;
				IPHONEOS_DEPLOYMENT_TARGET = 17.2;
				LOCALIZATION_PREFERS_STRING_CATALOGS = YES;
				MTL_ENABLE_DEBUG_INFO = INCLUDE_SOURCE;
				MTL_FAST_MATH = YES;
				ONLY_ACTIVE_ARCH = YES;
				SDKROOT = iphoneos;
				SWIFT_ACTIVE_COMPILATION_CONDITIONS = "DEBUG $(inherited)";
				SWIFT_OPTIMIZATION_LEVEL = "-Onone";
			};
			name = Debug;
		};
		4F1CF4082B298473002F1499 /* Release */ = {
			isa = XCBuildConfiguration;
			buildSettings = {
				ALWAYS_SEARCH_USER_PATHS = NO;
				ASSETCATALOG_COMPILER_GENERATE_SWIFT_ASSET_SYMBOL_EXTENSIONS = YES;
				CLANG_ANALYZER_NONNULL = YES;
				CLANG_ANALYZER_NUMBER_OBJECT_CONVERSION = YES_AGGRESSIVE;
				CLANG_CXX_LANGUAGE_STANDARD = "gnu++20";
				CLANG_ENABLE_MODULES = YES;
				CLANG_ENABLE_OBJC_ARC = YES;
				CLANG_ENABLE_OBJC_WEAK = YES;
				CLANG_WARN_BLOCK_CAPTURE_AUTORELEASING = YES;
				CLANG_WARN_BOOL_CONVERSION = YES;
				CLANG_WARN_COMMA = YES;
				CLANG_WARN_CONSTANT_CONVERSION = YES;
				CLANG_WARN_DEPRECATED_OBJC_IMPLEMENTATIONS = YES;
				CLANG_WARN_DIRECT_OBJC_ISA_USAGE = YES_ERROR;
				CLANG_WARN_DOCUMENTATION_COMMENTS = YES;
				CLANG_WARN_EMPTY_BODY = YES;
				CLANG_WARN_ENUM_CONVERSION = YES;
				CLANG_WARN_INFINITE_RECURSION = YES;
				CLANG_WARN_INT_CONVERSION = YES;
				CLANG_WARN_NON_LITERAL_NULL_CONVERSION = YES;
				CLANG_WARN_OBJC_IMPLICIT_RETAIN_SELF = YES;
				CLANG_WARN_OBJC_LITERAL_CONVERSION = YES;
				CLANG_WARN_OBJC_ROOT_CLASS = YES_ERROR;
				CLANG_WARN_QUOTED_INCLUDE_IN_FRAMEWORK_HEADER = YES;
				CLANG_WARN_RANGE_LOOP_ANALYSIS = YES;
				CLANG_WARN_STRICT_PROTOTYPES = YES;
				CLANG_WARN_SUSPICIOUS_MOVE = YES;
				CLANG_WARN_UNGUARDED_AVAILABILITY = YES_AGGRESSIVE;
				CLANG_WARN_UNREACHABLE_CODE = YES;
				CLANG_WARN__DUPLICATE_METHOD_MATCH = YES;
				COPY_PHASE_STRIP = NO;
				DEBUG_INFORMATION_FORMAT = "dwarf-with-dsym";
				ENABLE_NS_ASSERTIONS = NO;
				ENABLE_STRICT_OBJC_MSGSEND = YES;
				ENABLE_USER_SCRIPT_SANDBOXING = YES;
				GCC_C_LANGUAGE_STANDARD = gnu17;
				GCC_NO_COMMON_BLOCKS = YES;
				GCC_WARN_64_TO_32_BIT_CONVERSION = YES;
				GCC_WARN_ABOUT_RETURN_TYPE = YES_ERROR;
				GCC_WARN_UNDECLARED_SELECTOR = YES;
				GCC_WARN_UNINITIALIZED_AUTOS = YES_AGGRESSIVE;
				GCC_WARN_UNUSED_FUNCTION = YES;
				GCC_WARN_UNUSED_VARIABLE = YES;
				IPHONEOS_DEPLOYMENT_TARGET = 17.2;
				LOCALIZATION_PREFERS_STRING_CATALOGS = YES;
				MTL_ENABLE_DEBUG_INFO = NO;
				MTL_FAST_MATH = YES;
				SDKROOT = iphoneos;
				SWIFT_COMPILATION_MODE = wholemodule;
				VALIDATE_PRODUCT = YES;
			};
			name = Release;
		};
		4F1CF40A2B298473002F1499 /* Debug */ = {
			isa = XCBuildConfiguration;
			buildSettings = {
				ASSETCATALOG_COMPILER_APPICON_NAME = AppIcon;
				ASSETCATALOG_COMPILER_GLOBAL_ACCENT_COLOR_NAME = AccentColor;
				CODE_SIGN_STYLE = Automatic;
				CURRENT_PROJECT_VERSION = 1;
				DEVELOPMENT_TEAM = H5UNW2D34P;
				GENERATE_INFOPLIST_FILE = YES;
				INFOPLIST_FILE = CurrencyCalculatorApp/Assets/Info.plist;
				INFOPLIST_KEY_UIApplicationSupportsIndirectInputEvents = YES;
				INFOPLIST_KEY_UILaunchStoryboardName = LaunchScreen;
				INFOPLIST_KEY_UISupportedInterfaceOrientations_iPad = "UIInterfaceOrientationPortrait UIInterfaceOrientationPortraitUpsideDown UIInterfaceOrientationLandscapeLeft UIInterfaceOrientationLandscapeRight";
				INFOPLIST_KEY_UISupportedInterfaceOrientations_iPhone = "UIInterfaceOrientationPortrait UIInterfaceOrientationLandscapeLeft UIInterfaceOrientationLandscapeRight";
				IPHONEOS_DEPLOYMENT_TARGET = 13.0;
				LD_RUNPATH_SEARCH_PATHS = (
					"$(inherited)",
					"@executable_path/Frameworks",
				);
				MARKETING_VERSION = 1.0;
				PRODUCT_BUNDLE_IDENTIFIER = com.oldstar.CurrencyCalculatorApp;
				PRODUCT_NAME = "$(TARGET_NAME)";
				SWIFT_EMIT_LOC_STRINGS = YES;
				SWIFT_VERSION = 5.0;
				TARGETED_DEVICE_FAMILY = "1,2";
			};
			name = Debug;
		};
		4F1CF40B2B298473002F1499 /* Release */ = {
			isa = XCBuildConfiguration;
			buildSettings = {
				ASSETCATALOG_COMPILER_APPICON_NAME = AppIcon;
				ASSETCATALOG_COMPILER_GLOBAL_ACCENT_COLOR_NAME = AccentColor;
				CODE_SIGN_STYLE = Automatic;
				CURRENT_PROJECT_VERSION = 1;
				DEVELOPMENT_TEAM = H5UNW2D34P;
				GENERATE_INFOPLIST_FILE = YES;
				INFOPLIST_FILE = CurrencyCalculatorApp/Assets/Info.plist;
				INFOPLIST_KEY_UIApplicationSupportsIndirectInputEvents = YES;
				INFOPLIST_KEY_UILaunchStoryboardName = LaunchScreen;
				INFOPLIST_KEY_UISupportedInterfaceOrientations_iPad = "UIInterfaceOrientationPortrait UIInterfaceOrientationPortraitUpsideDown UIInterfaceOrientationLandscapeLeft UIInterfaceOrientationLandscapeRight";
				INFOPLIST_KEY_UISupportedInterfaceOrientations_iPhone = "UIInterfaceOrientationPortrait UIInterfaceOrientationLandscapeLeft UIInterfaceOrientationLandscapeRight";
				IPHONEOS_DEPLOYMENT_TARGET = 13.0;
				LD_RUNPATH_SEARCH_PATHS = (
					"$(inherited)",
					"@executable_path/Frameworks",
				);
				MARKETING_VERSION = 1.0;
				PRODUCT_BUNDLE_IDENTIFIER = com.oldstar.CurrencyCalculatorApp;
				PRODUCT_NAME = "$(TARGET_NAME)";
				SWIFT_EMIT_LOC_STRINGS = YES;
				SWIFT_VERSION = 5.0;
				TARGETED_DEVICE_FAMILY = "1,2";
			};
			name = Release;
		};
/* End XCBuildConfiguration section */

/* Begin XCConfigurationList section */
		4F1CF3F02B298472002F1499 /* Build configuration list for PBXProject "CurrencyCalculatorApp" */ = {
			isa = XCConfigurationList;
			buildConfigurations = (
				4F1CF4072B298473002F1499 /* Debug */,
				4F1CF4082B298473002F1499 /* Release */,
			);
			defaultConfigurationIsVisible = 0;
			defaultConfigurationName = Release;
		};
		4F1CF4092B298473002F1499 /* Build configuration list for PBXNativeTarget "CurrencyCalculatorApp" */ = {
			isa = XCConfigurationList;
			buildConfigurations = (
				4F1CF40A2B298473002F1499 /* Debug */,
				4F1CF40B2B298473002F1499 /* Release */,
			);
			defaultConfigurationIsVisible = 0;
			defaultConfigurationName = Release;
		};
/* End XCConfigurationList section */
	};
	rootObject = 4F1CF3ED2B298472002F1499 /* Project object */;
}
