// !$*UTF8*$!
{
	archiveVersion = 1;
	classes = {
	};
	objectVersion = 56;
	objects = {

/* Begin PBXBuildFile section */
		4F1CF3F92B298472002F1499 /* AppDelegate.swift in Sources */ = {isa = PBXBuildFile; fileRef = 4F1CF3F82B298472002F1499 /* AppDelegate.swift */; };
		4F1CF3FB2B298472002F1499 /* SceneDelegate.swift in Sources */ = {isa = PBXBuildFile; fileRef = 4F1CF3FA2B298472002F1499 /* SceneDelegate.swift */; };
		4F1CF3FD2B298472002F1499 /* CurrencyViewController.swift in Sources */ = {isa = PBXBuildFile; fileRef = 4F1CF3FC2B298472002F1499 /* CurrencyViewController.swift */; };
		4F1CF4022B298473002F1499 /* Assets.xcassets in Resources */ = {isa = PBXBuildFile; fileRef = 4F1CF4012B298473002F1499 /* Assets.xcassets */; };
		4F1CF4052B298473002F1499 /* LaunchScreen.storyboard in Resources */ = {isa = PBXBuildFile; fileRef = 4F1CF4032B298473002F1499 /* LaunchScreen.storyboard */; };
		4F2172372B2ABF7900D065A2 /* Endpoint.swift in Sources */ = {isa = PBXBuildFile; fileRef = 4F2172362B2ABF7900D065A2 /* Endpoint.swift */; };
		4F21723C2B2ABFDE00D065A2 /* URL+.swift in Sources */ = {isa = PBXBuildFile; fileRef = 4F21723B2B2ABFDE00D065A2 /* URL+.swift */; };
		4F21723E2B2AC08F00D065A2 /* FetchingError.swift in Sources */ = {isa = PBXBuildFile; fileRef = 4F21723D2B2AC08F00D065A2 /* FetchingError.swift */; };
		4F2172422B2AC50800D065A2 /* GetCurrencyEndpoint.swift in Sources */ = {isa = PBXBuildFile; fileRef = 4F2172412B2AC50800D065A2 /* GetCurrencyEndpoint.swift */; };
		4F2172452B2AC53C00D065A2 /* BaseURL.swift in Sources */ = {isa = PBXBuildFile; fileRef = 4F2172442B2AC53C00D065A2 /* BaseURL.swift */; };
		4F2172482B2ACC2F00D065A2 /* WebService.swift in Sources */ = {isa = PBXBuildFile; fileRef = 4F2172472B2ACC2F00D065A2 /* WebService.swift */; };
		4F21724B2B2ACD5100D065A2 /* CurrencyDTO.swift in Sources */ = {isa = PBXBuildFile; fileRef = 4F21724A2B2ACD5100D065A2 /* CurrencyDTO.swift */; };
		4F21724D2B2ACD5900D065A2 /* Currency.swift in Sources */ = {isa = PBXBuildFile; fileRef = 4F21724C2B2ACD5900D065A2 /* Currency.swift */; };
		4F2172522B2AD1C300D065A2 /* CurrencyViewModel.swift in Sources */ = {isa = PBXBuildFile; fileRef = 4F2172512B2AD1C300D065A2 /* CurrencyViewModel.swift */; };
		4F2172552B2AD22F00D065A2 /* CurrencyRepository.swift in Sources */ = {isa = PBXBuildFile; fileRef = 4F2172542B2AD22F00D065A2 /* CurrencyRepository.swift */; };
		4F2172582B2AD27100D065A2 /* CurrencyRepositoryImpl.swift in Sources */ = {isa = PBXBuildFile; fileRef = 4F2172572B2AD27100D065A2 /* CurrencyRepositoryImpl.swift */; };
		4F21725B2B2ADC5000D065A2 /* CurrencyUseCase.swift in Sources */ = {isa = PBXBuildFile; fileRef = 4F21725A2B2ADC5000D065A2 /* CurrencyUseCase.swift */; };
		4F21725D2B2AED7300D065A2 /* Date+.swift in Sources */ = {isa = PBXBuildFile; fileRef = 4F21725C2B2AED7300D065A2 /* Date+.swift */; };
		4F21725F2B2C474500D065A2 /* UITextField+.swift in Sources */ = {isa = PBXBuildFile; fileRef = 4F21725E2B2C474500D065A2 /* UITextField+.swift */; };
/* End PBXBuildFile section */

/* Begin PBXFileReference section */
		4F1CF3F52B298472002F1499 /* CurrencyCalculatorApp.app */ = {isa = PBXFileReference; explicitFileType = wrapper.application; includeInIndex = 0; path = CurrencyCalculatorApp.app; sourceTree = BUILT_PRODUCTS_DIR; };
		4F1CF3F82B298472002F1499 /* AppDelegate.swift */ = {isa = PBXFileReference; lastKnownFileType = sourcecode.swift; path = AppDelegate.swift; sourceTree = "<group>"; };
		4F1CF3FA2B298472002F1499 /* SceneDelegate.swift */ = {isa = PBXFileReference; lastKnownFileType = sourcecode.swift; path = SceneDelegate.swift; sourceTree = "<group>"; };
		4F1CF3FC2B298472002F1499 /* CurrencyViewController.swift */ = {isa = PBXFileReference; lastKnownFileType = sourcecode.swift; path = CurrencyViewController.swift; sourceTree = "<group>"; };
		4F1CF4012B298473002F1499 /* Assets.xcassets */ = {isa = PBXFileReference; lastKnownFileType = folder.assetcatalog; path = Assets.xcassets; sourceTree = "<group>"; };
		4F1CF4042B298473002F1499 /* Base */ = {isa = PBXFileReference; lastKnownFileType = file.storyboard; name = Base; path = Base.lproj/LaunchScreen.storyboard; sourceTree = "<group>"; };
		4F1CF4062B298473002F1499 /* Info.plist */ = {isa = PBXFileReference; lastKnownFileType = text.plist.xml; path = Info.plist; sourceTree = "<group>"; };
		4F2172362B2ABF7900D065A2 /* Endpoint.swift */ = {isa = PBXFileReference; lastKnownFileType = sourcecode.swift; path = Endpoint.swift; sourceTree = "<group>"; };
		4F21723B2B2ABFDE00D065A2 /* URL+.swift */ = {isa = PBXFileReference; lastKnownFileType = sourcecode.swift; path = "URL+.swift"; sourceTree = "<group>"; };
		4F21723D2B2AC08F00D065A2 /* FetchingError.swift */ = {isa = PBXFileReference; lastKnownFileType = sourcecode.swift; path = FetchingError.swift; sourceTree = "<group>"; };
		4F2172412B2AC50800D065A2 /* GetCurrencyEndpoint.swift */ = {isa = PBXFileReference; lastKnownFileType = sourcecode.swift; path = GetCurrencyEndpoint.swift; sourceTree = "<group>"; };
		4F2172442B2AC53C00D065A2 /* BaseURL.swift */ = {isa = PBXFileReference; lastKnownFileType = sourcecode.swift; path = BaseURL.swift; sourceTree = "<group>"; };
		4F2172472B2ACC2F00D065A2 /* WebService.swift */ = {isa = PBXFileReference; lastKnownFileType = sourcecode.swift; path = WebService.swift; sourceTree = "<group>"; };
		4F21724A2B2ACD5100D065A2 /* CurrencyDTO.swift */ = {isa = PBXFileReference; lastKnownFileType = sourcecode.swift; path = CurrencyDTO.swift; sourceTree = "<group>"; };
		4F21724C2B2ACD5900D065A2 /* Currency.swift */ = {isa = PBXFileReference; lastKnownFileType = sourcecode.swift; path = Currency.swift; sourceTree = "<group>"; };
		4F2172512B2AD1C300D065A2 /* CurrencyViewModel.swift */ = {isa = PBXFileReference; lastKnownFileType = sourcecode.swift; path = CurrencyViewModel.swift; sourceTree = "<group>"; };
		4F2172542B2AD22F00D065A2 /* CurrencyRepository.swift */ = {isa = PBXFileReference; lastKnownFileType = sourcecode.swift; path = CurrencyRepository.swift; sourceTree = "<group>"; };
		4F2172572B2AD27100D065A2 /* CurrencyRepositoryImpl.swift */ = {isa = PBXFileReference; lastKnownFileType = sourcecode.swift; path = CurrencyRepositoryImpl.swift; sourceTree = "<group>"; };
		4F21725A2B2ADC5000D065A2 /* CurrencyUseCase.swift */ = {isa = PBXFileReference; lastKnownFileType = sourcecode.swift; path = CurrencyUseCase.swift; sourceTree = "<group>"; };
		4F21725C2B2AED7300D065A2 /* Date+.swift */ = {isa = PBXFileReference; lastKnownFileType = sourcecode.swift; path = "Date+.swift"; sourceTree = "<group>"; };
		4F21725E2B2C474500D065A2 /* UITextField+.swift */ = {isa = PBXFileReference; lastKnownFileType = sourcecode.swift; path = "UITextField+.swift"; sourceTree = "<group>"; };
/* End PBXFileReference section */

/* Begin PBXFrameworksBuildPhase section */
		4F1CF3F22B298472002F1499 /* Frameworks */ = {
			isa = PBXFrameworksBuildPhase;
			buildActionMask = 2147483647;
			files = (
			);
			runOnlyForDeploymentPostprocessing = 0;
		};
/* End PBXFrameworksBuildPhase section */

/* Begin PBXGroup section */
		4F1CF3EC2B298472002F1499 = {
			isa = PBXGroup;
			children = (
				4F1CF3F72B298472002F1499 /* CurrencyCalculatorApp */,
				4F1CF3F62B298472002F1499 /* Products */,
			);
			sourceTree = "<group>";
		};
		4F1CF3F62B298472002F1499 /* Products */ = {
			isa = PBXGroup;
			children = (
				4F1CF3F52B298472002F1499 /* CurrencyCalculatorApp.app */,
			);
			name = Products;
			sourceTree = "<group>";
		};
		4F1CF3F72B298472002F1499 /* CurrencyCalculatorApp */ = {
			isa = PBXGroup;
			children = (
				4F1CF40D2B298752002F1499 /* Application */,
				4F1CF40C2B298706002F1499 /* Assets */,
			);
			path = CurrencyCalculatorApp;
			sourceTree = "<group>";
		};
		4F1CF40C2B298706002F1499 /* Assets */ = {
			isa = PBXGroup;
			children = (
				4F1CF4012B298473002F1499 /* Assets.xcassets */,
				4F1CF4032B298473002F1499 /* LaunchScreen.storyboard */,
				4F1CF4062B298473002F1499 /* Info.plist */,
			);
			path = Assets;
			sourceTree = "<group>";
		};
		4F1CF40D2B298752002F1499 /* Application */ = {
			isa = PBXGroup;
			children = (
				4F1CF3F82B298472002F1499 /* AppDelegate.swift */,
				4F1CF3FA2B298472002F1499 /* SceneDelegate.swift */,
				4F1CF4102B29876E002F1499 /* Domain */,
				4F1CF40F2B298766002F1499 /* Presentation */,
				4F1CF40E2B29875E002F1499 /* Data */,
				4F2172382B2ABFA200D065A2 /* Utility */,
			);
			path = Application;
			sourceTree = "<group>";
		};
		4F1CF40E2B29875E002F1499 /* Data */ = {
			isa = PBXGroup;
			children = (
				4F2172562B2AD25D00D065A2 /* RepositoryImplement */,
				4F2172492B2ACD4600D065A2 /* DTO */,
				4F2172462B2ACC1800D065A2 /* Networking */,
				4F2172432B2AC52D00D065A2 /* Namespace */,
				4F2172402B2AC4ED00D065A2 /* Endpoint */,
			);
			path = Data;
			sourceTree = "<group>";
		};
		4F1CF40F2B298766002F1499 /* Presentation */ = {
			isa = PBXGroup;
			children = (
				4F2172502B2AD1BC00D065A2 /* ViewModel */,
				4F1CF4112B298779002F1499 /* ViewController */,
			);
			path = Presentation;
			sourceTree = "<group>";
		};
		4F1CF4102B29876E002F1499 /* Domain */ = {
			isa = PBXGroup;
			children = (
				4F2172592B2ADC4400D065A2 /* UseCase */,
				4F2172532B2AD22200D065A2 /* Repository */,
				4F21724F2B2ACD6600D065A2 /* Model */,
				4F21723F2B2AC4DF00D065A2 /* Error */,
			);
			path = Domain;
			sourceTree = "<group>";
		};
		4F1CF4112B298779002F1499 /* ViewController */ = {
			isa = PBXGroup;
			children = (
				4F1CF3FC2B298472002F1499 /* CurrencyViewController.swift */,
			);
			path = ViewController;
			sourceTree = "<group>";
		};
		4F2172382B2ABFA200D065A2 /* Utility */ = {
			isa = PBXGroup;
			children = (
				4F21723B2B2ABFDE00D065A2 /* URL+.swift */,
				4F21725C2B2AED7300D065A2 /* Date+.swift */,
				4F21725E2B2C474500D065A2 /* UITextField+.swift */,
			);
			path = Utility;
			sourceTree = "<group>";
		};
		4F21723F2B2AC4DF00D065A2 /* Error */ = {
			isa = PBXGroup;
			children = (
				4F21723D2B2AC08F00D065A2 /* FetchingError.swift */,
			);
			path = Error;
			sourceTree = "<group>";
		};
		4F2172402B2AC4ED00D065A2 /* Endpoint */ = {
			isa = PBXGroup;
			children = (
				4F2172362B2ABF7900D065A2 /* Endpoint.swift */,
				4F2172412B2AC50800D065A2 /* GetCurrencyEndpoint.swift */,
			);
			path = Endpoint;
			sourceTree = "<group>";
		};
		4F2172432B2AC52D00D065A2 /* Namespace */ = {
			isa = PBXGroup;
			children = (
				4F2172442B2AC53C00D065A2 /* BaseURL.swift */,
			);
			path = Namespace;
			sourceTree = "<group>";
		};
		4F2172462B2ACC1800D065A2 /* Networking */ = {
			isa = PBXGroup;
			children = (
				4F2172472B2ACC2F00D065A2 /* WebService.swift */,
			);
			path = Networking;
			sourceTree = "<group>";
		};
		4F2172492B2ACD4600D065A2 /* DTO */ = {
			isa = PBXGroup;
			children = (
				4F21724A2B2ACD5100D065A2 /* CurrencyDTO.swift */,
			);
			path = DTO;
			sourceTree = "<group>";
		};
		4F21724F2B2ACD6600D065A2 /* Model */ = {
			isa = PBXGroup;
			children = (
				4F21724C2B2ACD5900D065A2 /* Currency.swift */,
			);
			path = Model;
			sourceTree = "<group>";
		};
		4F2172502B2AD1BC00D065A2 /* ViewModel */ = {
			isa = PBXGroup;
			children = (
				4F2172512B2AD1C300D065A2 /* CurrencyViewModel.swift */,
			);
			path = ViewModel;
			sourceTree = "<group>";
		};
		4F2172532B2AD22200D065A2 /* Repository */ = {
			isa = PBXGroup;
			children = (
				4F2172542B2AD22F00D065A2 /* CurrencyRepository.swift */,
			);
			path = Repository;
			sourceTree = "<group>";
		};
		4F2172562B2AD25D00D065A2 /* RepositoryImplement */ = {
			isa = PBXGroup;
			children = (
				4F2172572B2AD27100D065A2 /* CurrencyRepositoryImpl.swift */,
			);
			path = RepositoryImplement;
			sourceTree = "<group>";
		};
		4F2172592B2ADC4400D065A2 /* UseCase */ = {
			isa = PBXGroup;
			children = (
				4F21725A2B2ADC5000D065A2 /* CurrencyUseCase.swift */,
			);
			path = UseCase;
			sourceTree = "<group>";
		};
/* End PBXGroup section */

/* Begin PBXNativeTarget section */
		4F1CF3F42B298472002F1499 /* CurrencyCalculatorApp */ = {
			isa = PBXNativeTarget;
			buildConfigurationList = 4F1CF4092B298473002F1499 /* Build configuration list for PBXNativeTarget "CurrencyCalculatorApp" */;
			buildPhases = (
				4F1CF3F12B298472002F1499 /* Sources */,
				4F1CF3F22B298472002F1499 /* Frameworks */,
				4F1CF3F32B298472002F1499 /* Resources */,
			);
			buildRules = (
			);
			dependencies = (
			);
			name = CurrencyCalculatorApp;
			productName = CurrencyCalculatorApp;
			productReference = 4F1CF3F52B298472002F1499 /* CurrencyCalculatorApp.app */;
			productType = "com.apple.product-type.application";
		};
/* End PBXNativeTarget section */

/* Begin PBXProject section */
		4F1CF3ED2B298472002F1499 /* Project object */ = {
			isa = PBXProject;
			attributes = {
				BuildIndependentTargetsInParallel = 1;
				LastSwiftUpdateCheck = 1510;
				LastUpgradeCheck = 1510;
				TargetAttributes = {
					4F1CF3F42B298472002F1499 = {
						CreatedOnToolsVersion = 15.1;
					};
				};
			};
			buildConfigurationList = 4F1CF3F02B298472002F1499 /* Build configuration list for PBXProject "CurrencyCalculatorApp" */;
			compatibilityVersion = "Xcode 14.0";
			developmentRegion = en;
			hasScannedForEncodings = 0;
			knownRegions = (
				en,
				Base,
			);
			mainGroup = 4F1CF3EC2B298472002F1499;
			productRefGroup = 4F1CF3F62B298472002F1499 /* Products */;
			projectDirPath = "";
			projectRoot = "";
			targets = (
				4F1CF3F42B298472002F1499 /* CurrencyCalculatorApp */,
			);
		};
/* End PBXProject section */

/* Begin PBXResourcesBuildPhase section */
		4F1CF3F32B298472002F1499 /* Resources */ = {
			isa = PBXResourcesBuildPhase;
			buildActionMask = 2147483647;
			files = (
				4F1CF4052B298473002F1499 /* LaunchScreen.storyboard in Resources */,
				4F1CF4022B298473002F1499 /* Assets.xcassets in Resources */,
			);
			runOnlyForDeploymentPostprocessing = 0;
		};
/* End PBXResourcesBuildPhase section */

/* Begin PBXSourcesBuildPhase section */
		4F1CF3F12B298472002F1499 /* Sources */ = {
			isa = PBXSourcesBuildPhase;
			buildActionMask = 2147483647;
			files = (
				4F2172482B2ACC2F00D065A2 /* WebService.swift in Sources */,
				4F2172522B2AD1C300D065A2 /* CurrencyViewModel.swift in Sources */,
				4F21723E2B2AC08F00D065A2 /* FetchingError.swift in Sources */,
				4F1CF3FD2B298472002F1499 /* CurrencyViewController.swift in Sources */,
				4F2172552B2AD22F00D065A2 /* CurrencyRepository.swift in Sources */,
				4F2172422B2AC50800D065A2 /* GetCurrencyEndpoint.swift in Sources */,
				4F21725F2B2C474500D065A2 /* UITextField+.swift in Sources */,
				4F21723C2B2ABFDE00D065A2 /* URL+.swift in Sources */,
				4F1CF3F92B298472002F1499 /* AppDelegate.swift in Sources */,
				4F21724D2B2ACD5900D065A2 /* Currency.swift in Sources */,
				4F21724B2B2ACD5100D065A2 /* CurrencyDTO.swift in Sources */,
				4F2172372B2ABF7900D065A2 /* Endpoint.swift in Sources */,
				4F2172452B2AC53C00D065A2 /* BaseURL.swift in Sources */,
				4F2172582B2AD27100D065A2 /* CurrencyRepositoryImpl.swift in Sources */,
				4F1CF3FB2B298472002F1499 /* SceneDelegate.swift in Sources */,
				4F21725B2B2ADC5000D065A2 /* CurrencyUseCase.swift in Sources */,
				4F21725D2B2AED7300D065A2 /* Date+.swift in Sources */,
			);
			runOnlyForDeploymentPostprocessing = 0;
		};
/* End PBXSourcesBuildPhase section */

/* Begin PBXVariantGroup section */
		4F1CF4032B298473002F1499 /* LaunchScreen.storyboard */ = {
			isa = PBXVariantGroup;
			children = (
				4F1CF4042B298473002F1499 /* Base */,
			);
			name = LaunchScreen.storyboard;
			sourceTree = "<group>";
		};
/* End PBXVariantGroup section */

/* Begin XCBuildConfiguration section */
		4F1CF4072B298473002F1499 /* Debug */ = {
			isa = XCBuildConfiguration;
			buildSettings = {
				ALWAYS_SEARCH_USER_PATHS = NO;
				ASSETCATALOG_COMPILER_GENERATE_SWIFT_ASSET_SYMBOL_EXTENSIONS = YES;
				CLANG_ANALYZER_NONNULL = YES;
				CLANG_ANALYZER_NUMBER_OBJECT_CONVERSION = YES_AGGRESSIVE;
				CLANG_CXX_LANGUAGE_STANDARD = "gnu++20";
				CLANG_ENABLE_MODULES = YES;
				CLANG_ENABLE_OBJC_ARC = YES;
				CLANG_ENABLE_OBJC_WEAK = YES;
				CLANG_WARN_BLOCK_CAPTURE_AUTORELEASING = YES;
				CLANG_WARN_BOOL_CONVERSION = YES;
				CLANG_WARN_COMMA = YES;
				CLANG_WARN_CONSTANT_CONVERSION = YES;
				CLANG_WARN_DEPRECATED_OBJC_IMPLEMENTATIONS = YES;
				CLANG_WARN_DIRECT_OBJC_ISA_USAGE = YES_ERROR;
				CLANG_WARN_DOCUMENTATION_COMMENTS = YES;
				CLANG_WARN_EMPTY_BODY = YES;
				CLANG_WARN_ENUM_CONVERSION = YES;
				CLANG_WARN_INFINITE_RECURSION = YES;
				CLANG_WARN_INT_CONVERSION = YES;
				CLANG_WARN_NON_LITERAL_NULL_CONVERSION = YES;
				CLANG_WARN_OBJC_IMPLICIT_RETAIN_SELF = YES;
				CLANG_WARN_OBJC_LITERAL_CONVERSION = YES;
				CLANG_WARN_OBJC_ROOT_CLASS = YES_ERROR;
				CLANG_WARN_QUOTED_INCLUDE_IN_FRAMEWORK_HEADER = YES;
				CLANG_WARN_RANGE_LOOP_ANALYSIS = YES;
				CLANG_WARN_STRICT_PROTOTYPES = YES;
				CLANG_WARN_SUSPICIOUS_MOVE = YES;
				CLANG_WARN_UNGUARDED_AVAILABILITY = YES_AGGRESSIVE;
				CLANG_WARN_UNREACHABLE_CODE = YES;
				CLANG_WARN__DUPLICATE_METHOD_MATCH = YES;
				COPY_PHASE_STRIP = NO;
				DEBUG_INFORMATION_FORMAT = dwarf;
				ENABLE_STRICT_OBJC_MSGSEND = YES;
				ENABLE_TESTABILITY = YES;
				ENABLE_USER_SCRIPT_SANDBOXING = YES;
				GCC_C_LANGUAGE_STANDARD = gnu17;
				GCC_DYNAMIC_NO_PIC = NO;
				GCC_NO_COMMON_BLOCKS = YES;
				GCC_OPTIMIZATION_LEVEL = 0;
				GCC_PREPROCESSOR_DEFINITIONS = (
					"DEBUG=1",
					"$(inherited)",
				);
				GCC_WARN_64_TO_32_BIT_CONVERSION = YES;
				GCC_WARN_ABOUT_RETURN_TYPE = YES_ERROR;
				GCC_WARN_UNDECLARED_SELECTOR = YES;
				GCC_WARN_UNINITIALIZED_AUTOS = YES_AGGRESSIVE;
				GCC_WARN_UNUSED_FUNCTION = YES;
				GCC_WARN_UNUSED_VARIABLE = YES;
				IPHONEOS_DEPLOYMENT_TARGET = 17.2;
				LOCALIZATION_PREFERS_STRING_CATALOGS = YES;
				MTL_ENABLE_DEBUG_INFO = INCLUDE_SOURCE;
				MTL_FAST_MATH = YES;
				ONLY_ACTIVE_ARCH = YES;
				SDKROOT = iphoneos;
				SWIFT_ACTIVE_COMPILATION_CONDITIONS = "DEBUG $(inherited)";
				SWIFT_OPTIMIZATION_LEVEL = "-Onone";
			};
			name = Debug;
		};
		4F1CF4082B298473002F1499 /* Release */ = {
			isa = XCBuildConfiguration;
			buildSettings = {
				ALWAYS_SEARCH_USER_PATHS = NO;
				ASSETCATALOG_COMPILER_GENERATE_SWIFT_ASSET_SYMBOL_EXTENSIONS = YES;
				CLANG_ANALYZER_NONNULL = YES;
				CLANG_ANALYZER_NUMBER_OBJECT_CONVERSION = YES_AGGRESSIVE;
				CLANG_CXX_LANGUAGE_STANDARD = "gnu++20";
				CLANG_ENABLE_MODULES = YES;
				CLANG_ENABLE_OBJC_ARC = YES;
				CLANG_ENABLE_OBJC_WEAK = YES;
				CLANG_WARN_BLOCK_CAPTURE_AUTORELEASING = YES;
				CLANG_WARN_BOOL_CONVERSION = YES;
				CLANG_WARN_COMMA = YES;
				CLANG_WARN_CONSTANT_CONVERSION = YES;
				CLANG_WARN_DEPRECATED_OBJC_IMPLEMENTATIONS = YES;
				CLANG_WARN_DIRECT_OBJC_ISA_USAGE = YES_ERROR;
				CLANG_WARN_DOCUMENTATION_COMMENTS = YES;
				CLANG_WARN_EMPTY_BODY = YES;
				CLANG_WARN_ENUM_CONVERSION = YES;
				CLANG_WARN_INFINITE_RECURSION = YES;
				CLANG_WARN_INT_CONVERSION = YES;
				CLANG_WARN_NON_LITERAL_NULL_CONVERSION = YES;
				CLANG_WARN_OBJC_IMPLICIT_RETAIN_SELF = YES;
				CLANG_WARN_OBJC_LITERAL_CONVERSION = YES;
				CLANG_WARN_OBJC_ROOT_CLASS = YES_ERROR;
				CLANG_WARN_QUOTED_INCLUDE_IN_FRAMEWORK_HEADER = YES;
				CLANG_WARN_RANGE_LOOP_ANALYSIS = YES;
				CLANG_WARN_STRICT_PROTOTYPES = YES;
				CLANG_WARN_SUSPICIOUS_MOVE = YES;
				CLANG_WARN_UNGUARDED_AVAILABILITY = YES_AGGRESSIVE;
				CLANG_WARN_UNREACHABLE_CODE = YES;
				CLANG_WARN__DUPLICATE_METHOD_MATCH = YES;
				COPY_PHASE_STRIP = NO;
				DEBUG_INFORMATION_FORMAT = "dwarf-with-dsym";
				ENABLE_NS_ASSERTIONS = NO;
				ENABLE_STRICT_OBJC_MSGSEND = YES;
				ENABLE_USER_SCRIPT_SANDBOXING = YES;
				GCC_C_LANGUAGE_STANDARD = gnu17;
				GCC_NO_COMMON_BLOCKS = YES;
				GCC_WARN_64_TO_32_BIT_CONVERSION = YES;
				GCC_WARN_ABOUT_RETURN_TYPE = YES_ERROR;
				GCC_WARN_UNDECLARED_SELECTOR = YES;
				GCC_WARN_UNINITIALIZED_AUTOS = YES_AGGRESSIVE;
				GCC_WARN_UNUSED_FUNCTION = YES;
				GCC_WARN_UNUSED_VARIABLE = YES;
				IPHONEOS_DEPLOYMENT_TARGET = 17.2;
				LOCALIZATION_PREFERS_STRING_CATALOGS = YES;
				MTL_ENABLE_DEBUG_INFO = NO;
				MTL_FAST_MATH = YES;
				SDKROOT = iphoneos;
				SWIFT_COMPILATION_MODE = wholemodule;
				VALIDATE_PRODUCT = YES;
			};
			name = Release;
		};
		4F1CF40A2B298473002F1499 /* Debug */ = {
			isa = XCBuildConfiguration;
			buildSettings = {
				ASSETCATALOG_COMPILER_APPICON_NAME = AppIcon;
				ASSETCATALOG_COMPILER_GLOBAL_ACCENT_COLOR_NAME = AccentColor;
				CODE_SIGN_STYLE = Automatic;
				CURRENT_PROJECT_VERSION = 1;
				DEVELOPMENT_TEAM = H5UNW2D34P;
				GENERATE_INFOPLIST_FILE = YES;
				INFOPLIST_FILE = CurrencyCalculatorApp/Assets/Info.plist;
				INFOPLIST_KEY_UIApplicationSupportsIndirectInputEvents = YES;
				INFOPLIST_KEY_UILaunchStoryboardName = LaunchScreen;
				INFOPLIST_KEY_UISupportedInterfaceOrientations_iPad = "UIInterfaceOrientationPortrait UIInterfaceOrientationPortraitUpsideDown UIInterfaceOrientationLandscapeLeft UIInterfaceOrientationLandscapeRight";
				INFOPLIST_KEY_UISupportedInterfaceOrientations_iPhone = "UIInterfaceOrientationPortrait UIInterfaceOrientationLandscapeLeft UIInterfaceOrientationLandscapeRight";
				IPHONEOS_DEPLOYMENT_TARGET = 13.0;
				LD_RUNPATH_SEARCH_PATHS = (
					"$(inherited)",
					"@executable_path/Frameworks",
				);
				MARKETING_VERSION = 1.0;
				PRODUCT_BUNDLE_IDENTIFIER = com.oldstar.CurrencyCalculatorApp;
				PRODUCT_NAME = "$(TARGET_NAME)";
				SWIFT_EMIT_LOC_STRINGS = YES;
				SWIFT_VERSION = 5.0;
				TARGETED_DEVICE_FAMILY = "1,2";
			};
			name = Debug;
		};
		4F1CF40B2B298473002F1499 /* Release */ = {
			isa = XCBuildConfiguration;
			buildSettings = {
				ASSETCATALOG_COMPILER_APPICON_NAME = AppIcon;
				ASSETCATALOG_COMPILER_GLOBAL_ACCENT_COLOR_NAME = AccentColor;
				CODE_SIGN_STYLE = Automatic;
				CURRENT_PROJECT_VERSION = 1;
				DEVELOPMENT_TEAM = H5UNW2D34P;
				GENERATE_INFOPLIST_FILE = YES;
				INFOPLIST_FILE = CurrencyCalculatorApp/Assets/Info.plist;
				INFOPLIST_KEY_UIApplicationSupportsIndirectInputEvents = YES;
				INFOPLIST_KEY_UILaunchStoryboardName = LaunchScreen;
				INFOPLIST_KEY_UISupportedInterfaceOrientations_iPad = "UIInterfaceOrientationPortrait UIInterfaceOrientationPortraitUpsideDown UIInterfaceOrientationLandscapeLeft UIInterfaceOrientationLandscapeRight";
				INFOPLIST_KEY_UISupportedInterfaceOrientations_iPhone = "UIInterfaceOrientationPortrait UIInterfaceOrientationLandscapeLeft UIInterfaceOrientationLandscapeRight";
				IPHONEOS_DEPLOYMENT_TARGET = 13.0;
				LD_RUNPATH_SEARCH_PATHS = (
					"$(inherited)",
					"@executable_path/Frameworks",
				);
				MARKETING_VERSION = 1.0;
				PRODUCT_BUNDLE_IDENTIFIER = com.oldstar.CurrencyCalculatorApp;
				PRODUCT_NAME = "$(TARGET_NAME)";
				SWIFT_EMIT_LOC_STRINGS = YES;
				SWIFT_VERSION = 5.0;
				TARGETED_DEVICE_FAMILY = "1,2";
			};
			name = Release;
		};
/* End XCBuildConfiguration section */

/* Begin XCConfigurationList section */
		4F1CF3F02B298472002F1499 /* Build configuration list for PBXProject "CurrencyCalculatorApp" */ = {
			isa = XCConfigurationList;
			buildConfigurations = (
				4F1CF4072B298473002F1499 /* Debug */,
				4F1CF4082B298473002F1499 /* Release */,
			);
			defaultConfigurationIsVisible = 0;
			defaultConfigurationName = Release;
		};
		4F1CF4092B298473002F1499 /* Build configuration list for PBXNativeTarget "CurrencyCalculatorApp" */ = {
			isa = XCConfigurationList;
			buildConfigurations = (
				4F1CF40A2B298473002F1499 /* Debug */,
				4F1CF40B2B298473002F1499 /* Release */,
			);
			defaultConfigurationIsVisible = 0;
			defaultConfigurationName = Release;
		};
/* End XCConfigurationList section */
	};
	rootObject = 4F1CF3ED2B298472002F1499 /* Project object */;
}
